
Microsoft Visual Studio Solution File, Format Version 12.00
# Visual Studio 15
VisualStudioVersion = 15.0.27130.2020
MinimumVisualStudioVersion = 10.0.40219.1
Project("{FAE04EC0-301F-11D3-BF4B-00C04F79EFBC}") = "STATISTIKA_UPLOUD", "STATISTIKA_UPLOUD\STATISTIKA_UPLOUD.csproj", "{4A6BD356-B21D-4FB5-8468-57042FC705AE}"
EndProject
Global
	GlobalSection(SolutionConfigurationPlatforms) = preSolution
		Debug|Any CPU = Debug|Any CPU
		Release|Any CPU = Release|Any CPU
	EndGlobalSection
	GlobalSection(ProjectConfigurationPlatforms) = postSolution
		{4A6BD356-B21D-4FB5-8468-57042FC705AE}.Debug|Any CPU.ActiveCfg = Debug|Any CPU
		{4A6BD356-B21D-4FB5-8468-57042FC705AE}.Debug|Any CPU.Build.0 = Debug|Any CPU
		{4A6BD356-B21D-4FB5-8468-57042FC705AE}.Release|Any CPU.ActiveCfg = Release|Any CPU
		{4A6BD356-B21D-4FB5-8468-57042FC705AE}.Release|Any CPU.Build.0 = Release|Any CPU
	EndGlobalSection
	GlobalSection(SolutionProperties) = preSolution
		HideSolutionNode = FALSE
	EndGlobalSection
	GlobalSection(ExtensibilityGlobals) = postSolution
		SolutionGuid = {F612DDAC-3802-4279-B33B-AF5E910000B2}
	EndGlobalSection
EndGlobal
